
Microsoft Visual Studio Solution File, Format Version 12.00
# Visual Studio 2012
Project("{FAE04EC0-301F-11D3-BF4B-00C04F79EFBC}") = "TomatoTimer", "TomatoTimer\TomatoTimer.csproj", "{C60E569D-C689-4519-A1E8-CECDA9089FEA}"
EndProject
Global
	GlobalSection(SolutionConfigurationPlatforms) = preSolution
		Debug|Any CPU = Debug|Any CPU
		Release|Any CPU = Release|Any CPU
	EndGlobalSection
	GlobalSection(ProjectConfigurationPlatforms) = postSolution
		{C60E569D-C689-4519-A1E8-CECDA9089FEA}.Debug|Any CPU.ActiveCfg = Debug|Any CPU
		{C60E569D-C689-4519-A1E8-CECDA9089FEA}.Debug|Any CPU.Build.0 = Debug|Any CPU
		{C60E569D-C689-4519-A1E8-CECDA9089FEA}.Release|Any CPU.ActiveCfg = Release|Any CPU
		{C60E569D-C689-4519-A1E8-CECDA9089FEA}.Release|Any CPU.Build.0 = Release|Any CPU
	EndGlobalSection
	GlobalSection(SolutionProperties) = preSolution
		HideSolutionNode = FALSE
	EndGlobalSection
EndGlobal
